
Microsoft Visual Studio Solution File, Format Version 12.00
# Visual Studio 15
VisualStudioVersion = 15.0.28307.1300
MinimumVisualStudioVersion = 10.0.40219.1
Project("{FAE04EC0-301F-11D3-BF4B-00C04F79EFBC}") = "ClientReservasi-035", "ClientReservasi-035\ClientReservasi-035.csproj", "{C06CDFEA-0A3F-4FE1-A289-EC5E4008466A}"
EndProject
Global
	GlobalSection(SolutionConfigurationPlatforms) = preSolution
		Debug|Any CPU = Debug|Any CPU
		Release|Any CPU = Release|Any CPU
	EndGlobalSection
	GlobalSection(ProjectConfigurationPlatforms) = postSolution
		{C06CDFEA-0A3F-4FE1-A289-EC5E4008466A}.Debug|Any CPU.ActiveCfg = Debug|Any CPU
		{C06CDFEA-0A3F-4FE1-A289-EC5E4008466A}.Debug|Any CPU.Build.0 = Debug|Any CPU
		{C06CDFEA-0A3F-4FE1-A289-EC5E4008466A}.Release|Any CPU.ActiveCfg = Release|Any CPU
		{C06CDFEA-0A3F-4FE1-A289-EC5E4008466A}.Release|Any CPU.Build.0 = Release|Any CPU
	EndGlobalSection
	GlobalSection(SolutionProperties) = preSolution
		HideSolutionNode = FALSE
	EndGlobalSection
	GlobalSection(ExtensibilityGlobals) = postSolution
		SolutionGuid = {D3C715BC-8676-450B-9D21-8B032BD2E6FE}
	EndGlobalSection
EndGlobal
